
Microsoft Visual Studio Solution File, Format Version 12.00
# Visual Studio 15
VisualStudioVersion = 15.0.27703.2000
MinimumVisualStudioVersion = 10.0.40219.1
Project("{FAE04EC0-301F-11D3-BF4B-00C04F79EFBC}") = "FixStepChartOffset", "FixStepChartOffset\FixStepChartOffset.csproj", "{C801C32B-B721-4DDF-BE21-91ED29500890}"
EndProject
Global
	GlobalSection(SolutionConfigurationPlatforms) = preSolution
		Debug|Any CPU = Debug|Any CPU
		Release|Any CPU = Release|Any CPU
	EndGlobalSection
	GlobalSection(ProjectConfigurationPlatforms) = postSolution
		{C801C32B-B721-4DDF-BE21-91ED29500890}.Debug|Any CPU.ActiveCfg = Debug|Any CPU
		{C801C32B-B721-4DDF-BE21-91ED29500890}.Debug|Any CPU.Build.0 = Debug|Any CPU
		{C801C32B-B721-4DDF-BE21-91ED29500890}.Release|Any CPU.ActiveCfg = Release|Any CPU
		{C801C32B-B721-4DDF-BE21-91ED29500890}.Release|Any CPU.Build.0 = Release|Any CPU
	EndGlobalSection
	GlobalSection(SolutionProperties) = preSolution
		HideSolutionNode = FALSE
	EndGlobalSection
	GlobalSection(ExtensibilityGlobals) = postSolution
		SolutionGuid = {DB9256E2-350B-485E-8BE4-372155E63A0E}
	EndGlobalSection
EndGlobal
